
Microsoft Visual Studio Solution File, Format Version 12.00
# Visual Studio 2012
Project("{FAE04EC0-301F-11D3-BF4B-00C04F79EFBC}") = "BlockLoader", "BlockLoader\BlockLoader.csproj", "{E40B40AB-8755-42CB-82E2-3EC577B2671C}"
EndProject
Project("{FAE04EC0-301F-11D3-BF4B-00C04F79EFBC}") = "BlockLoader.Tests", "BlockLoader.Tests\BlockLoader.Tests.csproj", "{FE8D137C-6768-48F4-BF92-B888EE378ABE}"
EndProject
Global
	GlobalSection(SolutionConfigurationPlatforms) = preSolution
		Debug|Any CPU = Debug|Any CPU
		Release|Any CPU = Release|Any CPU
	EndGlobalSection
	GlobalSection(ProjectConfigurationPlatforms) = postSolution
		{E40B40AB-8755-42CB-82E2-3EC577B2671C}.Debug|Any CPU.ActiveCfg = Debug|Any CPU
		{E40B40AB-8755-42CB-82E2-3EC577B2671C}.Debug|Any CPU.Build.0 = Debug|Any CPU
		{E40B40AB-8755-42CB-82E2-3EC577B2671C}.Release|Any CPU.ActiveCfg = Release|Any CPU
		{E40B40AB-8755-42CB-82E2-3EC577B2671C}.Release|Any CPU.Build.0 = Release|Any CPU
		{FE8D137C-6768-48F4-BF92-B888EE378ABE}.Debug|Any CPU.ActiveCfg = Debug|Any CPU
		{FE8D137C-6768-48F4-BF92-B888EE378ABE}.Debug|Any CPU.Build.0 = Debug|Any CPU
		{FE8D137C-6768-48F4-BF92-B888EE378ABE}.Release|Any CPU.ActiveCfg = Release|Any CPU
		{FE8D137C-6768-48F4-BF92-B888EE378ABE}.Release|Any CPU.Build.0 = Release|Any CPU
	EndGlobalSection
	GlobalSection(SolutionProperties) = preSolution
		HideSolutionNode = FALSE
	EndGlobalSection
	GlobalSection(ExtensibilityGlobals) = postSolution
		SolutionGuid = {C28B270B-8E9A-4EB0-8215-8FB2CE21CA9B}
	EndGlobalSection
EndGlobal
